
Microsoft Visual Studio Solution File, Format Version 12.00
# Visual Studio Version 17
VisualStudioVersion = 17.10.35027.167
MinimumVisualStudioVersion = 10.0.40219.1
Project("{9A19103F-16F7-4668-BE54-9A1E7A4F7556}") = "a3.WinForms", "a3.WinForms\a3.WinForms.csproj", "{4E76385E-C049-4E20-A1BF-E8A6BB468916}"
EndProject
Project("{2150E333-8FDC-42A3-9474-1A3956D46DE8}") = "Solution Items", "Solution Items", "{AB2005D9-2E78-4324-A0D2-B208B2001030}"
	ProjectSection(SolutionItems) = preProject
		.gitignore = .gitignore
		crew-directory.txt = crew-directory.txt
		qdb.json = qdb.json
		sample1-summary.transcript = sample1-summary.transcript
		sample1.transcript = sample1.transcript
	EndProjectSection
EndProject
Project("{2150E333-8FDC-42A3-9474-1A3956D46DE8}") = "AgentInstructions", "AgentInstructions", "{02EA681E-C7D8-13C7-8484-4AC65E1B71E8}"
	ProjectSection(SolutionItems) = preProject
		A3Classifier.Instructions = A3Classifier.Instructions
		A3ClassifierAndExplainer.Instructions = A3ClassifierAndExplainer.Instructions
		A3Summarizer.Instructions = A3Summarizer.Instructions
	EndProjectSection
EndProject
Project("{2150E333-8FDC-42A3-9474-1A3956D46DE8}") = "XCrew", "XCrew", "{F532315E-D293-463C-AFC7-DDC61CCA8136}"
	ProjectSection(SolutionItems) = preProject
		A3AILanguajeXpert.Instructions = A3AILanguajeXpert.Instructions
		A3AISpeechX.Instructions = A3AISpeechX.Instructions
		A3AIVisionXpert.Instructions = A3AIVisionXpert.Instructions
		A3WAFXpert.Instructions = A3WAFXpert.Instructions
	EndProjectSection
EndProject
Project("{FAE04EC0-301F-11D3-BF4B-00C04F79EFBC}") = "a3.AgentCreatorConsole", "a3.AgentCreatorConsole\a3.AgentCreatorConsole.csproj", "{0CB0F439-DB4A-49C5-BDB6-92599F89A729}"
EndProject
Global
	GlobalSection(SolutionConfigurationPlatforms) = preSolution
		Debug|Any CPU = Debug|Any CPU
		Release|Any CPU = Release|Any CPU
	EndGlobalSection
	GlobalSection(ProjectConfigurationPlatforms) = postSolution
		{4E76385E-C049-4E20-A1BF-E8A6BB468916}.Debug|Any CPU.ActiveCfg = Debug|Any CPU
		{4E76385E-C049-4E20-A1BF-E8A6BB468916}.Debug|Any CPU.Build.0 = Debug|Any CPU
		{4E76385E-C049-4E20-A1BF-E8A6BB468916}.Release|Any CPU.ActiveCfg = Release|Any CPU
		{4E76385E-C049-4E20-A1BF-E8A6BB468916}.Release|Any CPU.Build.0 = Release|Any CPU
		{0CB0F439-DB4A-49C5-BDB6-92599F89A729}.Debug|Any CPU.ActiveCfg = Debug|Any CPU
		{0CB0F439-DB4A-49C5-BDB6-92599F89A729}.Debug|Any CPU.Build.0 = Debug|Any CPU
		{0CB0F439-DB4A-49C5-BDB6-92599F89A729}.Release|Any CPU.ActiveCfg = Release|Any CPU
		{0CB0F439-DB4A-49C5-BDB6-92599F89A729}.Release|Any CPU.Build.0 = Release|Any CPU
	EndGlobalSection
	GlobalSection(SolutionProperties) = preSolution
		HideSolutionNode = FALSE
	EndGlobalSection
	GlobalSection(NestedProjects) = preSolution
		{F532315E-D293-463C-AFC7-DDC61CCA8136} = {02EA681E-C7D8-13C7-8484-4AC65E1B71E8}
	EndGlobalSection
	GlobalSection(ExtensibilityGlobals) = postSolution
		SolutionGuid = {89AECA5D-0D90-4C94-9E26-A1585160E9DD}
	EndGlobalSection
EndGlobal
